// !$*UTF8*$!
{
	archiveVersion = 1;
	classes = {
	};
	objectVersion = 50;
	objects = {

/* Begin PBXBuildFile section */
		498D948525C8BFB8006244B8 /* BuiltinJsonApi.swift in Sources */ = {isa = PBXBuildFile; fileRef = 498D948425C8BFB8006244B8 /* BuiltinJsonApi.swift */; };
		498D948825C8C186006244B8 /* genBuiltins.swift in Sources */ = {isa = PBXBuildFile; fileRef = 498D948725C8C186006244B8 /* genBuiltins.swift */; };
		498D948B25C8C215006244B8 /* Util.swift in Sources */ = {isa = PBXBuildFile; fileRef = 498D948A25C8C215006244B8 /* Util.swift */; };
		49E5961D247626F500B4B86B /* main.swift in Sources */ = {isa = PBXBuildFile; fileRef = 49E5961C247626F500B4B86B /* main.swift */; };
		49E596242476276200B4B86B /* JsonApi.swift in Sources */ = {isa = PBXBuildFile; fileRef = 49E596232476276200B4B86B /* JsonApi.swift */; };
/* End PBXBuildFile section */

/* Begin PBXCopyFilesBuildPhase section */
		49E59617247626F500B4B86B /* CopyFiles */ = {
			isa = PBXCopyFilesBuildPhase;
			buildActionMask = 2147483647;
			dstPath = /usr/share/man/man1/;
			dstSubfolderSpec = 0;
			files = (
			);
			runOnlyForDeploymentPostprocessing = 1;
		};
/* End PBXCopyFilesBuildPhase section */

/* Begin PBXFileReference section */
		498D948425C8BFB8006244B8 /* BuiltinJsonApi.swift */ = {isa = PBXFileReference; lastKnownFileType = sourcecode.swift; path = BuiltinJsonApi.swift; sourceTree = "<group>"; };
		498D948725C8C186006244B8 /* genBuiltins.swift */ = {isa = PBXFileReference; lastKnownFileType = sourcecode.swift; path = genBuiltins.swift; sourceTree = "<group>"; };
		498D948A25C8C215006244B8 /* Util.swift */ = {isa = PBXFileReference; lastKnownFileType = sourcecode.swift; path = Util.swift; sourceTree = "<group>"; };
		49E59619247626F500B4B86B /* GodotSwift */ = {isa = PBXFileReference; explicitFileType = "compiled.mach-o.executable"; includeInIndex = 0; path = GodotSwift; sourceTree = BUILT_PRODUCTS_DIR; };
		49E5961C247626F500B4B86B /* main.swift */ = {isa = PBXFileReference; lastKnownFileType = sourcecode.swift; path = main.swift; sourceTree = "<group>"; };
		49E596232476276200B4B86B /* JsonApi.swift */ = {isa = PBXFileReference; lastKnownFileType = sourcecode.swift; path = JsonApi.swift; sourceTree = "<group>"; };
/* End PBXFileReference section */

/* Begin PBXFrameworksBuildPhase section */
		49E59616247626F500B4B86B /* Frameworks */ = {
			isa = PBXFrameworksBuildPhase;
			buildActionMask = 2147483647;
			files = (
			);
			runOnlyForDeploymentPostprocessing = 0;
		};
/* End PBXFrameworksBuildPhase section */

/* Begin PBXGroup section */
		49E59610247626F500B4B86B = {
			isa = PBXGroup;
			children = (
				49E5961B247626F500B4B86B /* GodotSwift */,
				49E5961A247626F500B4B86B /* Products */,
			);
			sourceTree = "<group>";
		};
		49E5961A247626F500B4B86B /* Products */ = {
			isa = PBXGroup;
			children = (
				49E59619247626F500B4B86B /* GodotSwift */,
			);
			name = Products;
			sourceTree = "<group>";
		};
		49E5961B247626F500B4B86B /* GodotSwift */ = {
			isa = PBXGroup;
			children = (
				49E5961C247626F500B4B86B /* main.swift */,
				498D948A25C8C215006244B8 /* Util.swift */,
				49E596232476276200B4B86B /* JsonApi.swift */,
				498D948425C8BFB8006244B8 /* BuiltinJsonApi.swift */,
				498D948725C8C186006244B8 /* genBuiltins.swift */,
			);
			path = GodotSwift;
			sourceTree = "<group>";
		};
/* End PBXGroup section */

/* Begin PBXNativeTarget section */
		49E59618247626F500B4B86B /* GodotSwift */ = {
			isa = PBXNativeTarget;
			buildConfigurationList = 49E59620247626F500B4B86B /* Build configuration list for PBXNativeTarget "GodotSwift" */;
			buildPhases = (
				49E59615247626F500B4B86B /* Sources */,
				49E59616247626F500B4B86B /* Frameworks */,
				49E59617247626F500B4B86B /* CopyFiles */,
			);
			buildRules = (
			);
			dependencies = (
			);
			name = GodotSwift;
			productName = GodotSwift;
			productReference = 49E59619247626F500B4B86B /* GodotSwift */;
			productType = "com.apple.product-type.tool";
		};
/* End PBXNativeTarget section */

/* Begin PBXProject section */
		49E59611247626F500B4B86B /* Project object */ = {
			isa = PBXProject;
			attributes = {
				LastSwiftUpdateCheck = 1150;
				LastUpgradeCheck = 1150;
				ORGANIZATIONNAME = "Miguel de Icaza";
				TargetAttributes = {
					49E59618247626F500B4B86B = {
						CreatedOnToolsVersion = 11.5;
					};
				};
			};
			buildConfigurationList = 49E59614247626F500B4B86B /* Build configuration list for PBXProject "GodotSwift" */;
			compatibilityVersion = "Xcode 9.3";
			developmentRegion = en;
			hasScannedForEncodings = 0;
			knownRegions = (
				en,
				Base,
			);
			mainGroup = 49E59610247626F500B4B86B;
			productRefGroup = 49E5961A247626F500B4B86B /* Products */;
			projectDirPath = "";
			projectRoot = "";
			targets = (
				49E59618247626F500B4B86B /* GodotSwift */,
			);
		};
/* End PBXProject section */

/* Begin PBXSourcesBuildPhase section */
		49E59615247626F500B4B86B /* Sources */ = {
			isa = PBXSourcesBuildPhase;
			buildActionMask = 2147483647;
			files = (
				498D948825C8C186006244B8 /* genBuiltins.swift in Sources */,
				498D948525C8BFB8006244B8 /* BuiltinJsonApi.swift in Sources */,
				498D948B25C8C215006244B8 /* Util.swift in Sources */,
				49E596242476276200B4B86B /* JsonApi.swift in Sources */,
				49E5961D247626F500B4B86B /* main.swift in Sources */,
			);
			runOnlyForDeploymentPostprocessing = 0;
		};
/* End PBXSourcesBuildPhase section */

/* Begin XCBuildConfiguration section */
		49E5961E247626F500B4B86B /* Debug */ = {
			isa = XCBuildConfiguration;
			buildSettings = {
				ALWAYS_SEARCH_USER_PATHS = NO;
				CLANG_ANALYZER_NONNULL = YES;
				CLANG_ANALYZER_NUMBER_OBJECT_CONVERSION = YES_AGGRESSIVE;
				CLANG_CXX_LANGUAGE_STANDARD = "gnu++14";
				CLANG_CXX_LIBRARY = "libc++";
				CLANG_ENABLE_MODULES = YES;
				CLANG_ENABLE_OBJC_ARC = YES;
				CLANG_ENABLE_OBJC_WEAK = YES;
				CLANG_WARN_BLOCK_CAPTURE_AUTORELEASING = YES;
				CLANG_WARN_BOOL_CONVERSION = YES;
				CLANG_WARN_COMMA = YES;
				CLANG_WARN_CONSTANT_CONVERSION = YES;
				CLANG_WARN_DEPRECATED_OBJC_IMPLEMENTATIONS = YES;
				CLANG_WARN_DIRECT_OBJC_ISA_USAGE = YES_ERROR;
				CLANG_WARN_DOCUMENTATION_COMMENTS = YES;
				CLANG_WARN_EMPTY_BODY = YES;
				CLANG_WARN_ENUM_CONVERSION = YES;
				CLANG_WARN_INFINITE_RECURSION = YES;
				CLANG_WARN_INT_CONVERSION = YES;
				CLANG_WARN_NON_LITERAL_NULL_CONVERSION = YES;
				CLANG_WARN_OBJC_IMPLICIT_RETAIN_SELF = YES;
				CLANG_WARN_OBJC_LITERAL_CONVERSION = YES;
				CLANG_WARN_OBJC_ROOT_CLASS = YES_ERROR;
				CLANG_WARN_RANGE_LOOP_ANALYSIS = YES;
				CLANG_WARN_STRICT_PROTOTYPES = YES;
				CLANG_WARN_SUSPICIOUS_MOVE = YES;
				CLANG_WARN_UNGUARDED_AVAILABILITY = YES_AGGRESSIVE;
				CLANG_WARN_UNREACHABLE_CODE = YES;
				CLANG_WARN__DUPLICATE_METHOD_MATCH = YES;
				COPY_PHASE_STRIP = NO;
				DEBUG_INFORMATION_FORMAT = dwarf;
				ENABLE_STRICT_OBJC_MSGSEND = YES;
				ENABLE_TESTABILITY = YES;
				GCC_C_LANGUAGE_STANDARD = gnu11;
				GCC_DYNAMIC_NO_PIC = NO;
				GCC_NO_COMMON_BLOCKS = YES;
				GCC_OPTIMIZATION_LEVEL = 0;
				GCC_PREPROCESSOR_DEFINITIONS = (
					"DEBUG=1",
					"$(inherited)",
				);
				GCC_WARN_64_TO_32_BIT_CONVERSION = YES;
				GCC_WARN_ABOUT_RETURN_TYPE = YES_ERROR;
				GCC_WARN_UNDECLARED_SELECTOR = YES;
				GCC_WARN_UNINITIALIZED_AUTOS = YES_AGGRESSIVE;
				GCC_WARN_UNUSED_FUNCTION = YES;
				GCC_WARN_UNUSED_VARIABLE = YES;
				MACOSX_DEPLOYMENT_TARGET = 10.15;
				MTL_ENABLE_DEBUG_INFO = INCLUDE_SOURCE;
				MTL_FAST_MATH = YES;
				ONLY_ACTIVE_ARCH = YES;
				SDKROOT = macosx;
				SWIFT_ACTIVE_COMPILATION_CONDITIONS = DEBUG;
				SWIFT_OPTIMIZATION_LEVEL = "-Onone";
			};
			name = Debug;
		};
		49E5961F247626F500B4B86B /* Release */ = {
			isa = XCBuildConfiguration;
			buildSettings = {
				ALWAYS_SEARCH_USER_PATHS = NO;
				CLANG_ANALYZER_NONNULL = YES;
				CLANG_ANALYZER_NUMBER_OBJECT_CONVERSION = YES_AGGRESSIVE;
				CLANG_CXX_LANGUAGE_STANDARD = "gnu++14";
				CLANG_CXX_LIBRARY = "libc++";
				CLANG_ENABLE_MODULES = YES;
				CLANG_ENABLE_OBJC_ARC = YES;
				CLANG_ENABLE_OBJC_WEAK = YES;
				CLANG_WARN_BLOCK_CAPTURE_AUTORELEASING = YES;
				CLANG_WARN_BOOL_CONVERSION = YES;
				CLANG_WARN_COMMA = YES;
				CLANG_WARN_CONSTANT_CONVERSION = YES;
				CLANG_WARN_DEPRECATED_OBJC_IMPLEMENTATIONS = YES;
				CLANG_WARN_DIRECT_OBJC_ISA_USAGE = YES_ERROR;
				CLANG_WARN_DOCUMENTATION_COMMENTS = YES;
				CLANG_WARN_EMPTY_BODY = YES;
				CLANG_WARN_ENUM_CONVERSION = YES;
				CLANG_WARN_INFINITE_RECURSION = YES;
				CLANG_WARN_INT_CONVERSION = YES;
				CLANG_WARN_NON_LITERAL_NULL_CONVERSION = YES;
				CLANG_WARN_OBJC_IMPLICIT_RETAIN_SELF = YES;
				CLANG_WARN_OBJC_LITERAL_CONVERSION = YES;
				CLANG_WARN_OBJC_ROOT_CLASS = YES_ERROR;
				CLANG_WARN_RANGE_LOOP_ANALYSIS = YES;
				CLANG_WARN_STRICT_PROTOTYPES = YES;
				CLANG_WARN_SUSPICIOUS_MOVE = YES;
				CLANG_WARN_UNGUARDED_AVAILABILITY = YES_AGGRESSIVE;
				CLANG_WARN_UNREACHABLE_CODE = YES;
				CLANG_WARN__DUPLICATE_METHOD_MATCH = YES;
				COPY_PHASE_STRIP = NO;
				DEBUG_INFORMATION_FORMAT = "dwarf-with-dsym";
				ENABLE_NS_ASSERTIONS = NO;
				ENABLE_STRICT_OBJC_MSGSEND = YES;
				GCC_C_LANGUAGE_STANDARD = gnu11;
				GCC_NO_COMMON_BLOCKS = YES;
				GCC_WARN_64_TO_32_BIT_CONVERSION = YES;
				GCC_WARN_ABOUT_RETURN_TYPE = YES_ERROR;
				GCC_WARN_UNDECLARED_SELECTOR = YES;
				GCC_WARN_UNINITIALIZED_AUTOS = YES_AGGRESSIVE;
				GCC_WARN_UNUSED_FUNCTION = YES;
				GCC_WARN_UNUSED_VARIABLE = YES;
				MACOSX_DEPLOYMENT_TARGET = 10.15;
				MTL_ENABLE_DEBUG_INFO = NO;
				MTL_FAST_MATH = YES;
				SDKROOT = macosx;
				SWIFT_COMPILATION_MODE = wholemodule;
				SWIFT_OPTIMIZATION_LEVEL = "-O";
			};
			name = Release;
		};
		49E59621247626F500B4B86B /* Debug */ = {
			isa = XCBuildConfiguration;
			buildSettings = {
				CODE_SIGN_STYLE = Automatic;
				DEVELOPMENT_TEAM = PJQC57N853;
				ENABLE_HARDENED_RUNTIME = YES;
				PRODUCT_NAME = "$(TARGET_NAME)";
				SWIFT_VERSION = 5.0;
			};
			name = Debug;
		};
		49E59622247626F500B4B86B /* Release */ = {
			isa = XCBuildConfiguration;
			buildSettings = {
				CODE_SIGN_STYLE = Automatic;
				DEVELOPMENT_TEAM = PJQC57N853;
				ENABLE_HARDENED_RUNTIME = YES;
				PRODUCT_NAME = "$(TARGET_NAME)";
				SWIFT_VERSION = 5.0;
			};
			name = Release;
		};
/* End XCBuildConfiguration section */

/* Begin XCConfigurationList section */
		49E59614247626F500B4B86B /* Build configuration list for PBXProject "GodotSwift" */ = {
			isa = XCConfigurationList;
			buildConfigurations = (
				49E5961E247626F500B4B86B /* Debug */,
				49E5961F247626F500B4B86B /* Release */,
			);
			defaultConfigurationIsVisible = 0;
			defaultConfigurationName = Release;
		};
		49E59620247626F500B4B86B /* Build configuration list for PBXNativeTarget "GodotSwift" */ = {
			isa = XCConfigurationList;
			buildConfigurations = (
				49E59621247626F500B4B86B /* Debug */,
				49E59622247626F500B4B86B /* Release */,
			);
			defaultConfigurationIsVisible = 0;
			defaultConfigurationName = Release;
		};
/* End XCConfigurationList section */
	};
	rootObject = 49E59611247626F500B4B86B /* Project object */;
}
